
Microsoft Visual Studio Solution File, Format Version 12.00
# Visual Studio Version 17
VisualStudioVersion = 17.10.35013.160
MinimumVisualStudioVersion = 10.0.40219.1
Project("{FAE04EC0-301F-11D3-BF4B-00C04F79EFBC}") = "Arch.ILS.Snowflake", "Arch.ILS.Snowflake\Arch.ILS.Snowflake.csproj", "{E8F26739-F92B-431B-8322-5AA77F139EF8}"
EndProject
Project("{9A19103F-16F7-4668-BE54-9A1E7A4F7556}") = "Studio.Core", "..\Studio.Core\Studio.Core\Studio.Core.csproj", "{B2A9BE5D-7606-4EBE-8C3E-478AB5F5857F}"
EndProject
Global
	GlobalSection(SolutionConfigurationPlatforms) = preSolution
		Debug|Any CPU = Debug|Any CPU
		Release|Any CPU = Release|Any CPU
	EndGlobalSection
	GlobalSection(ProjectConfigurationPlatforms) = postSolution
		{E8F26739-F92B-431B-8322-5AA77F139EF8}.Debug|Any CPU.ActiveCfg = Debug|Any CPU
		{E8F26739-F92B-431B-8322-5AA77F139EF8}.Debug|Any CPU.Build.0 = Debug|Any CPU
		{E8F26739-F92B-431B-8322-5AA77F139EF8}.Release|Any CPU.ActiveCfg = Release|Any CPU
		{E8F26739-F92B-431B-8322-5AA77F139EF8}.Release|Any CPU.Build.0 = Release|Any CPU
		{B2A9BE5D-7606-4EBE-8C3E-478AB5F5857F}.Debug|Any CPU.ActiveCfg = Debug|Any CPU
		{B2A9BE5D-7606-4EBE-8C3E-478AB5F5857F}.Debug|Any CPU.Build.0 = Debug|Any CPU
		{B2A9BE5D-7606-4EBE-8C3E-478AB5F5857F}.Release|Any CPU.ActiveCfg = Release|Any CPU
		{B2A9BE5D-7606-4EBE-8C3E-478AB5F5857F}.Release|Any CPU.Build.0 = Release|Any CPU
	EndGlobalSection
	GlobalSection(SolutionProperties) = preSolution
		HideSolutionNode = FALSE
	EndGlobalSection
	GlobalSection(ExtensibilityGlobals) = postSolution
		SolutionGuid = {3069614B-BF8C-4920-8E68-6A2774DAA874}
	EndGlobalSection
EndGlobal
